
Microsoft Visual Studio Solution File, Format Version 12.00
# Visual Studio Version 16
VisualStudioVersion = 16.0.30804.86
MinimumVisualStudioVersion = 10.0.40219.1
Project("{9A19103F-16F7-4668-BE54-9A1E7A4F7556}") = "Employee_PayRoll_Service", "Employee_PayRoll_Service\Employee_PayRoll_Service.csproj", "{F52637DE-AC2D-4DF3-938C-9514BA34325F}"
EndProject
Project("{FAE04EC0-301F-11D3-BF4B-00C04F79EFBC}") = "Employee_Payroll_Test", "Employee_Payroll_Test\Employee_Payroll_Test.csproj", "{E03A6AF7-C589-4462-B6A5-240BE223F406}"
EndProject
Global
	GlobalSection(SolutionConfigurationPlatforms) = preSolution
		Debug|Any CPU = Debug|Any CPU
		Release|Any CPU = Release|Any CPU
	EndGlobalSection
	GlobalSection(ProjectConfigurationPlatforms) = postSolution
		{F52637DE-AC2D-4DF3-938C-9514BA34325F}.Debug|Any CPU.ActiveCfg = Debug|Any CPU
		{F52637DE-AC2D-4DF3-938C-9514BA34325F}.Debug|Any CPU.Build.0 = Debug|Any CPU
		{F52637DE-AC2D-4DF3-938C-9514BA34325F}.Release|Any CPU.ActiveCfg = Release|Any CPU
		{F52637DE-AC2D-4DF3-938C-9514BA34325F}.Release|Any CPU.Build.0 = Release|Any CPU
		{E03A6AF7-C589-4462-B6A5-240BE223F406}.Debug|Any CPU.ActiveCfg = Debug|Any CPU
		{E03A6AF7-C589-4462-B6A5-240BE223F406}.Debug|Any CPU.Build.0 = Debug|Any CPU
		{E03A6AF7-C589-4462-B6A5-240BE223F406}.Release|Any CPU.ActiveCfg = Release|Any CPU
		{E03A6AF7-C589-4462-B6A5-240BE223F406}.Release|Any CPU.Build.0 = Release|Any CPU
	EndGlobalSection
	GlobalSection(SolutionProperties) = preSolution
		HideSolutionNode = FALSE
	EndGlobalSection
	GlobalSection(ExtensibilityGlobals) = postSolution
		SolutionGuid = {38352B90-CC33-4E53-98A1-FADFECC6934A}
	EndGlobalSection
EndGlobal
